
Microsoft Visual Studio Solution File, Format Version 12.00
# Visual Studio Version 17
VisualStudioVersion = 17.3.32901.215
MinimumVisualStudioVersion = 10.0.40219.1
Project("{FAE04EC0-301F-11D3-BF4B-00C04F79EFBC}") = "Spg.FestivalTickets.Domain", "src\Spg.FestivalTickets.Domain\Spg.FestivalTickets.Domain.csproj", "{91954CD4-577E-4F2A-9B45-CEF1FC01648D}"
EndProject
Global
	GlobalSection(SolutionConfigurationPlatforms) = preSolution
		Debug|Any CPU = Debug|Any CPU
		Release|Any CPU = Release|Any CPU
	EndGlobalSection
	GlobalSection(ProjectConfigurationPlatforms) = postSolution
		{91954CD4-577E-4F2A-9B45-CEF1FC01648D}.Debug|Any CPU.ActiveCfg = Debug|Any CPU
		{91954CD4-577E-4F2A-9B45-CEF1FC01648D}.Debug|Any CPU.Build.0 = Debug|Any CPU
		{91954CD4-577E-4F2A-9B45-CEF1FC01648D}.Release|Any CPU.ActiveCfg = Release|Any CPU
		{91954CD4-577E-4F2A-9B45-CEF1FC01648D}.Release|Any CPU.Build.0 = Release|Any CPU
	EndGlobalSection
	GlobalSection(SolutionProperties) = preSolution
		HideSolutionNode = FALSE
	EndGlobalSection
	GlobalSection(ExtensibilityGlobals) = postSolution
		SolutionGuid = {82D5FE61-F308-4015-9E5E-49A76780B4EA}
	EndGlobalSection
EndGlobal
